
Microsoft Visual Studio Solution File, Format Version 12.00
# Visual Studio Version 17
VisualStudioVersion = 17.0.32002.185
MinimumVisualStudioVersion = 10.0.40219.1
Project("{FAE04EC0-301F-11D3-BF4B-00C04F79EFBC}") = "Финальный проект по Модулю 5. Си. Кортеж, метод, рекурсия. Анкета", "Финальный проект по Модулю 5. Си. Кортеж, метод, рекурсия. Анкета.csproj", "{9AF96A06-6E79-4501-8F82-05DC3F151C57}"
EndProject
Global
	GlobalSection(SolutionConfigurationPlatforms) = preSolution
		Debug|Any CPU = Debug|Any CPU
		Release|Any CPU = Release|Any CPU
	EndGlobalSection
	GlobalSection(ProjectConfigurationPlatforms) = postSolution
		{9AF96A06-6E79-4501-8F82-05DC3F151C57}.Debug|Any CPU.ActiveCfg = Debug|Any CPU
		{9AF96A06-6E79-4501-8F82-05DC3F151C57}.Debug|Any CPU.Build.0 = Debug|Any CPU
		{9AF96A06-6E79-4501-8F82-05DC3F151C57}.Release|Any CPU.ActiveCfg = Release|Any CPU
		{9AF96A06-6E79-4501-8F82-05DC3F151C57}.Release|Any CPU.Build.0 = Release|Any CPU
	EndGlobalSection
	GlobalSection(SolutionProperties) = preSolution
		HideSolutionNode = FALSE
	EndGlobalSection
	GlobalSection(ExtensibilityGlobals) = postSolution
		SolutionGuid = {53EA535D-158E-4EC2-B086-A9F888E6539A}
	EndGlobalSection
EndGlobal
